
Microsoft Visual Studio Solution File, Format Version 12.00
# Visual Studio Version 17
VisualStudioVersion = 17.7.34031.279
MinimumVisualStudioVersion = 10.0.40219.1
Project("{FAE04EC0-301F-11D3-BF4B-00C04F79EFBC}") = "home work 4", "home work 4\home work 4.csproj", "{83F3505E-7692-4A2A-8E0B-B5D9D9F00FD2}"
EndProject
Global
	GlobalSection(SolutionConfigurationPlatforms) = preSolution
		Debug|Any CPU = Debug|Any CPU
		Release|Any CPU = Release|Any CPU
	EndGlobalSection
	GlobalSection(ProjectConfigurationPlatforms) = postSolution
		{83F3505E-7692-4A2A-8E0B-B5D9D9F00FD2}.Debug|Any CPU.ActiveCfg = Debug|Any CPU
		{83F3505E-7692-4A2A-8E0B-B5D9D9F00FD2}.Debug|Any CPU.Build.0 = Debug|Any CPU
		{83F3505E-7692-4A2A-8E0B-B5D9D9F00FD2}.Release|Any CPU.ActiveCfg = Release|Any CPU
		{83F3505E-7692-4A2A-8E0B-B5D9D9F00FD2}.Release|Any CPU.Build.0 = Release|Any CPU
	EndGlobalSection
	GlobalSection(SolutionProperties) = preSolution
		HideSolutionNode = FALSE
	EndGlobalSection
	GlobalSection(ExtensibilityGlobals) = postSolution
		SolutionGuid = {0C27C215-06D1-4FCA-A5E0-301410F1E01C}
	EndGlobalSection
EndGlobal
