
Microsoft Visual Studio Solution File, Format Version 12.00
# Visual Studio Version 17
VisualStudioVersion = 17.7.34031.279
MinimumVisualStudioVersion = 10.0.40219.1
Project("{FAE04EC0-301F-11D3-BF4B-00C04F79EFBC}") = "RandomNumber", "RandomNumber\RandomNumber.csproj", "{B7A8413D-7FF9-4E15-8D98-E947B3CE1CD1}"
EndProject
Global
	GlobalSection(SolutionConfigurationPlatforms) = preSolution
		Debug|Any CPU = Debug|Any CPU
		Release|Any CPU = Release|Any CPU
	EndGlobalSection
	GlobalSection(ProjectConfigurationPlatforms) = postSolution
		{B7A8413D-7FF9-4E15-8D98-E947B3CE1CD1}.Debug|Any CPU.ActiveCfg = Debug|Any CPU
		{B7A8413D-7FF9-4E15-8D98-E947B3CE1CD1}.Debug|Any CPU.Build.0 = Debug|Any CPU
		{B7A8413D-7FF9-4E15-8D98-E947B3CE1CD1}.Release|Any CPU.ActiveCfg = Release|Any CPU
		{B7A8413D-7FF9-4E15-8D98-E947B3CE1CD1}.Release|Any CPU.Build.0 = Release|Any CPU
	EndGlobalSection
	GlobalSection(SolutionProperties) = preSolution
		HideSolutionNode = FALSE
	EndGlobalSection
	GlobalSection(ExtensibilityGlobals) = postSolution
		SolutionGuid = {94F50BD4-F3EC-4734-A902-74F3EF2ED866}
	EndGlobalSection
EndGlobal
